
Microsoft Visual Studio Solution File, Format Version 12.00
# Visual Studio Version 16
VisualStudioVersion = 16.0.31624.102
MinimumVisualStudioVersion = 10.0.40219.1
Project("{FAE04EC0-301F-11D3-BF4B-00C04F79EFBC}") = "HumanResource", "HumanResource\HumanResource.csproj", "{DD63F013-C00C-423D-8568-96B2F88455BE}"
EndProject
Global
	GlobalSection(SolutionConfigurationPlatforms) = preSolution
		Debug|Any CPU = Debug|Any CPU
		Release|Any CPU = Release|Any CPU
	EndGlobalSection
	GlobalSection(ProjectConfigurationPlatforms) = postSolution
		{DD63F013-C00C-423D-8568-96B2F88455BE}.Debug|Any CPU.ActiveCfg = Debug|Any CPU
		{DD63F013-C00C-423D-8568-96B2F88455BE}.Debug|Any CPU.Build.0 = Debug|Any CPU
		{DD63F013-C00C-423D-8568-96B2F88455BE}.Release|Any CPU.ActiveCfg = Release|Any CPU
		{DD63F013-C00C-423D-8568-96B2F88455BE}.Release|Any CPU.Build.0 = Release|Any CPU
	EndGlobalSection
	GlobalSection(SolutionProperties) = preSolution
		HideSolutionNode = FALSE
	EndGlobalSection
	GlobalSection(ExtensibilityGlobals) = postSolution
		SolutionGuid = {AE247752-FC68-42C8-8176-EEC542DD5BFA}
	EndGlobalSection
EndGlobal
